
Microsoft Visual Studio Solution File, Format Version 12.00
# Visual Studio Version 16
VisualStudioVersion = 16.0.30503.244
MinimumVisualStudioVersion = 10.0.40219.1
Project("{9A19103F-16F7-4668-BE54-9A1E7A4F7556}") = "AppFarm", "AppFarm\AppFarm.csproj", "{15E56925-3139-458B-A0B3-D4EA3942D5E4}"
EndProject
Project("{9A19103F-16F7-4668-BE54-9A1E7A4F7556}") = "AppFarmDto", "AppFarmDto\AppFarmDto.csproj", "{1EF419AF-5CBD-4170-9047-B36CF1FBB750}"
EndProject
Global
	GlobalSection(SolutionConfigurationPlatforms) = preSolution
		Debug|Any CPU = Debug|Any CPU
		Release|Any CPU = Release|Any CPU
	EndGlobalSection
	GlobalSection(ProjectConfigurationPlatforms) = postSolution
		{15E56925-3139-458B-A0B3-D4EA3942D5E4}.Debug|Any CPU.ActiveCfg = Debug|Any CPU
		{15E56925-3139-458B-A0B3-D4EA3942D5E4}.Debug|Any CPU.Build.0 = Debug|Any CPU
		{15E56925-3139-458B-A0B3-D4EA3942D5E4}.Release|Any CPU.ActiveCfg = Release|Any CPU
		{15E56925-3139-458B-A0B3-D4EA3942D5E4}.Release|Any CPU.Build.0 = Release|Any CPU
		{1EF419AF-5CBD-4170-9047-B36CF1FBB750}.Debug|Any CPU.ActiveCfg = Debug|Any CPU
		{1EF419AF-5CBD-4170-9047-B36CF1FBB750}.Debug|Any CPU.Build.0 = Debug|Any CPU
		{1EF419AF-5CBD-4170-9047-B36CF1FBB750}.Release|Any CPU.ActiveCfg = Release|Any CPU
		{1EF419AF-5CBD-4170-9047-B36CF1FBB750}.Release|Any CPU.Build.0 = Release|Any CPU
	EndGlobalSection
	GlobalSection(SolutionProperties) = preSolution
		HideSolutionNode = FALSE
	EndGlobalSection
	GlobalSection(ExtensibilityGlobals) = postSolution
		SolutionGuid = {B0160D7D-8E25-4415-B61A-DC42A3A117EF}
	EndGlobalSection
EndGlobal
